
Microsoft Visual Studio Solution File, Format Version 12.00
# Visual Studio Version 17
VisualStudioVersion = 17.7.34202.233
MinimumVisualStudioVersion = 10.0.40219.1
Project("{FAE04EC0-301F-11D3-BF4B-00C04F79EFBC}") = "Recetario", "Recetario\Recetario.csproj", "{BB28D7C5-7F40-471E-A184-20D2BE8E977A}"
EndProject
Global
	GlobalSection(SolutionConfigurationPlatforms) = preSolution
		Debug|Any CPU = Debug|Any CPU
		Release|Any CPU = Release|Any CPU
	EndGlobalSection
	GlobalSection(ProjectConfigurationPlatforms) = postSolution
		{BB28D7C5-7F40-471E-A184-20D2BE8E977A}.Debug|Any CPU.ActiveCfg = Debug|Any CPU
		{BB28D7C5-7F40-471E-A184-20D2BE8E977A}.Debug|Any CPU.Build.0 = Debug|Any CPU
		{BB28D7C5-7F40-471E-A184-20D2BE8E977A}.Debug|Any CPU.Deploy.0 = Debug|Any CPU
		{BB28D7C5-7F40-471E-A184-20D2BE8E977A}.Release|Any CPU.ActiveCfg = Release|Any CPU
		{BB28D7C5-7F40-471E-A184-20D2BE8E977A}.Release|Any CPU.Build.0 = Release|Any CPU
		{BB28D7C5-7F40-471E-A184-20D2BE8E977A}.Release|Any CPU.Deploy.0 = Release|Any CPU
	EndGlobalSection
	GlobalSection(SolutionProperties) = preSolution
		HideSolutionNode = FALSE
	EndGlobalSection
	GlobalSection(ExtensibilityGlobals) = postSolution
		SolutionGuid = {9705813B-564B-425B-A2ED-27522DCFE652}
	EndGlobalSection
EndGlobal
